
Microsoft Visual Studio Solution File, Format Version 12.00
# Visual Studio Version 17
VisualStudioVersion = 17.10.35027.167
MinimumVisualStudioVersion = 10.0.40219.1
Project("{FAE04EC0-301F-11D3-BF4B-00C04F79EFBC}") = "ActivityTracker.API", "ActivityTracker.API\ActivityTracker.API.csproj", "{3E4606A1-FA9A-4568-ACBC-0D8CBA7D3C0C}"
EndProject
Project("{FAE04EC0-301F-11D3-BF4B-00C04F79EFBC}") = "ActivityTracker.Application", "ActivityTracker.Application\ActivityTracker.Application.csproj", "{D0974258-738A-4FDF-A0E0-C6FC00BC6045}"
EndProject
Project("{FAE04EC0-301F-11D3-BF4B-00C04F79EFBC}") = "ActivityTracker.Domain", "ActivityTracker.Domain\ActivityTracker.Domain.csproj", "{CE87022C-8E42-4B95-B793-725D129DF357}"
EndProject
Project("{FAE04EC0-301F-11D3-BF4B-00C04F79EFBC}") = "ActivityTracker.Infrastructure", "ActivityTracker.Infrastructure\ActivityTracker.Infrastructure.csproj", "{BC7326BC-10EE-42B6-8E9E-2D2EA42AD11A}"
EndProject
Global
	GlobalSection(SolutionConfigurationPlatforms) = preSolution
		Debug|Any CPU = Debug|Any CPU
		Release|Any CPU = Release|Any CPU
	EndGlobalSection
	GlobalSection(ProjectConfigurationPlatforms) = postSolution
		{3E4606A1-FA9A-4568-ACBC-0D8CBA7D3C0C}.Debug|Any CPU.ActiveCfg = Debug|Any CPU
		{3E4606A1-FA9A-4568-ACBC-0D8CBA7D3C0C}.Debug|Any CPU.Build.0 = Debug|Any CPU
		{3E4606A1-FA9A-4568-ACBC-0D8CBA7D3C0C}.Release|Any CPU.ActiveCfg = Release|Any CPU
		{3E4606A1-FA9A-4568-ACBC-0D8CBA7D3C0C}.Release|Any CPU.Build.0 = Release|Any CPU
		{D0974258-738A-4FDF-A0E0-C6FC00BC6045}.Debug|Any CPU.ActiveCfg = Debug|Any CPU
		{D0974258-738A-4FDF-A0E0-C6FC00BC6045}.Debug|Any CPU.Build.0 = Debug|Any CPU
		{D0974258-738A-4FDF-A0E0-C6FC00BC6045}.Release|Any CPU.ActiveCfg = Release|Any CPU
		{D0974258-738A-4FDF-A0E0-C6FC00BC6045}.Release|Any CPU.Build.0 = Release|Any CPU
		{CE87022C-8E42-4B95-B793-725D129DF357}.Debug|Any CPU.ActiveCfg = Debug|Any CPU
		{CE87022C-8E42-4B95-B793-725D129DF357}.Debug|Any CPU.Build.0 = Debug|Any CPU
		{CE87022C-8E42-4B95-B793-725D129DF357}.Release|Any CPU.ActiveCfg = Release|Any CPU
		{CE87022C-8E42-4B95-B793-725D129DF357}.Release|Any CPU.Build.0 = Release|Any CPU
		{BC7326BC-10EE-42B6-8E9E-2D2EA42AD11A}.Debug|Any CPU.ActiveCfg = Debug|Any CPU
		{BC7326BC-10EE-42B6-8E9E-2D2EA42AD11A}.Debug|Any CPU.Build.0 = Debug|Any CPU
		{BC7326BC-10EE-42B6-8E9E-2D2EA42AD11A}.Release|Any CPU.ActiveCfg = Release|Any CPU
		{BC7326BC-10EE-42B6-8E9E-2D2EA42AD11A}.Release|Any CPU.Build.0 = Release|Any CPU
	EndGlobalSection
	GlobalSection(SolutionProperties) = preSolution
		HideSolutionNode = FALSE
	EndGlobalSection
	GlobalSection(ExtensibilityGlobals) = postSolution
		SolutionGuid = {B678B172-1F8D-48B6-A159-989032DB8E35}
	EndGlobalSection
EndGlobal
